{
  "name": "mcp-motherduck",
  "version": "1.0.0",
  "lockfileVersion": 3,
  "requires": true,
  "packages": {
    "": {
      "name": "mcp-motherduck",
      "version": "1.0.0",
      "license": "ISC",
      "dependencies": {
        "mcp-server-motherduck": "file:src"
      }
    },
    "node_modules/mcp-server-motherduck": {
      "resolved": "src",
      "link": true
    },
    "src": {}
  }
}
